
Microsoft Visual Studio Solution File, Format Version 12.00
# Visual Studio Version 17
VisualStudioVersion = 17.13.35919.96
MinimumVisualStudioVersion = 10.0.40219.1
Project("{FAE04EC0-301F-11D3-BF4B-00C04F79EFBC}") = "Library.Console", "Library.Console\Library.Console.csproj", "{9CB45ABA-3BEB-4157-B0A7-C0A0D5BE199D}"
EndProject
Project("{FAE04EC0-301F-11D3-BF4B-00C04F79EFBC}") = "ClassLibrary", "ClassLibrary\ClassLibrary.csproj", "{3FAC663C-F029-48C8-8FC9-5DD54CC6C915}"
EndProject
Global
	GlobalSection(SolutionConfigurationPlatforms) = preSolution
		Debug|Any CPU = Debug|Any CPU
		Release|Any CPU = Release|Any CPU
	EndGlobalSection
	GlobalSection(ProjectConfigurationPlatforms) = postSolution
		{9CB45ABA-3BEB-4157-B0A7-C0A0D5BE199D}.Debug|Any CPU.ActiveCfg = Debug|Any CPU
		{9CB45ABA-3BEB-4157-B0A7-C0A0D5BE199D}.Debug|Any CPU.Build.0 = Debug|Any CPU
		{9CB45ABA-3BEB-4157-B0A7-C0A0D5BE199D}.Release|Any CPU.ActiveCfg = Release|Any CPU
		{9CB45ABA-3BEB-4157-B0A7-C0A0D5BE199D}.Release|Any CPU.Build.0 = Release|Any CPU
		{3FAC663C-F029-48C8-8FC9-5DD54CC6C915}.Debug|Any CPU.ActiveCfg = Debug|Any CPU
		{3FAC663C-F029-48C8-8FC9-5DD54CC6C915}.Debug|Any CPU.Build.0 = Debug|Any CPU
		{3FAC663C-F029-48C8-8FC9-5DD54CC6C915}.Release|Any CPU.ActiveCfg = Release|Any CPU
		{3FAC663C-F029-48C8-8FC9-5DD54CC6C915}.Release|Any CPU.Build.0 = Release|Any CPU
	EndGlobalSection
	GlobalSection(SolutionProperties) = preSolution
		HideSolutionNode = FALSE
	EndGlobalSection
	GlobalSection(ExtensibilityGlobals) = postSolution
		SolutionGuid = {41034779-F2B9-42B9-A961-A1373B4EECF7}
	EndGlobalSection
EndGlobal
